// !$*UTF8*$!
{
	archiveVersion = 1;
	classes = {
	};
	objectVersion = 46;
	objects = {

/* Begin PBXAggregateTarget section */
		3009CEE7B7D83B008E17CF18 /* SimpleDelay - All */ = {
			isa = PBXAggregateTarget;
			buildConfigurationList = 105A62EE1AA2188327C0DEE2 /* Build configuration list for PBXAggregateTarget "SimpleDelay - All" */;
			buildPhases = (
			);
			dependencies = (
				BDCF929FF1CDB05DB4DDF922 /* PBXTargetDependency */,
				D134319C655DC6F459D701B4 /* PBXTargetDependency */,
			);
			name = "SimpleDelay - All";
			productName = SimpleDelay;
		};
/* End PBXAggregateTarget section */

/* Begin PBXBuildFile section */
		033ABF092058CE1786A154B4 /* AVFoundation.framework in Frameworks */ = {isa = PBXBuildFile; fileRef = 9F98B8E4241F10C82CFB4049 /* AVFoundation.framework */; };
		085CC058C540A360C881D74F /* Cocoa.framework in Frameworks */ = {isa = PBXBuildFile; fileRef = B260731943E09BC7D1C75CD7 /* Cocoa.framework */; };
		08C41F582C39D01BEE2B08FC /* include_juce_audio_basics.mm in Sources */ = {isa = PBXBuildFile; fileRef = 297658C54F005865C8B23258 /* include_juce_audio_basics.mm */; };
		0EFF8061F6C100343DD7D13B /* include_juce_gui_extra.mm in Sources */ = {isa = PBXBuildFile; fileRef = 077524229F38C21D8AD4BB2B /* include_juce_gui_extra.mm */; };
		0FD30A01AEBF61F29E169F75 /* include_juce_audio_formats.mm in Sources */ = {isa = PBXBuildFile; fileRef = 1DC8ACF5D73B63199BC320CB /* include_juce_audio_formats.mm */; };
		1165DCE2064D844413C1D74F /* PluginProcessor.cpp in Sources */ = {isa = PBXBuildFile; fileRef = FF82CB5D45A6C302EB4A10CE /* PluginProcessor.cpp */; };
		148A22DCF178EEA996CB2203 /* WebKit.framework in Frameworks */ = {isa = PBXBuildFile; fileRef = 4F7DF9536CAD25F19428DB58 /* WebKit.framework */; };
		257C5CC47CBEC959081AE6D6 /* include_juce_video.mm in Sources */ = {isa = PBXBuildFile; fileRef = B16BD666373A0A227696EDEA /* include_juce_video.mm */; };
		286E12A3543598C6E98BFB56 /* IOKit.framework in Frameworks */ = {isa = PBXBuildFile; fileRef = 9CD3C50B16ECFDB50C1EC311 /* IOKit.framework */; };
		2FDA9AD22B7D23F0B0676728 /* include_juce_core.mm in Sources */ = {isa = PBXBuildFile; fileRef = CE5234556EC2274260259892 /* include_juce_core.mm */; };
		30FBA953169EB0E4C75D7605 /* include_juce_audio_devices.mm in Sources */ = {isa = PBXBuildFile; fileRef = E77B515D374A48E7157FC491 /* include_juce_audio_devices.mm */; };
		345293FFE4A02FCFB841B241 /* include_juce_audio_utils.mm in Sources */ = {isa = PBXBuildFile; fileRef = EBEA111A91D8B0084F9ED9EE /* include_juce_audio_utils.mm */; };
		35358DD5F493A9B29516D2DC /* CoreMedia.framework in Frameworks */ = {isa = PBXBuildFile; fileRef = 8CCC825602ECB5447F2A6217 /* CoreMedia.framework */; };
		3782234076E5C2EC2EA34AFA /* CoreMIDI.framework in Frameworks */ = {isa = PBXBuildFile; fileRef = 058111038B3D4AB3C34EF816 /* CoreMIDI.framework */; };
		385E871E736321050399B349 /* Accelerate.framework in Frameworks */ = {isa = PBXBuildFile; fileRef = BFE4EE60D7536F7DB0BCAB12 /* Accelerate.framework */; };
		561C4E0731D83FFDD75D78E8 /* AVKit.framework in Frameworks */ = {isa = PBXBuildFile; fileRef = 43D84413FA8AD8F6F372596F /* AVKit.framework */; };
		576B04F629572198D415069D /* include_juce_cryptography.mm in Sources */ = {isa = PBXBuildFile; fileRef = 2187C6B12584CF85C2184D24 /* include_juce_cryptography.mm */; };
		7071D623FCAEA6C20E7D9CE5 /* include_juce_audio_plugin_client_utils.cpp in Sources */ = {isa = PBXBuildFile; fileRef = 1F857EC7DC77D6DDAD14992C /* include_juce_audio_plugin_client_utils.cpp */; };
		73FCD93D790A551D1539B677 /* DiscRecording.framework in Frameworks */ = {isa = PBXBuildFile; fileRef = A5168F9ADB34C819384A9631 /* DiscRecording.framework */; };
		75FE43EF686039170508C8E2 /* include_juce_gui_basics.mm in Sources */ = {isa = PBXBuildFile; fileRef = CBCD7C050195990AAEEBE798 /* include_juce_gui_basics.mm */; };
		799C526E50E67DC42948DAD4 /* CoreAudio.framework in Frameworks */ = {isa = PBXBuildFile; fileRef = 66C739E7AF98131946B86A28 /* CoreAudio.framework */; };
		7D9B6B28001E31EB37855110 /* include_juce_audio_plugin_client_VST_utils.mm in Sources */ = {isa = PBXBuildFile; fileRef = 937235625A3E43A67898FDF4 /* include_juce_audio_plugin_client_VST_utils.mm */; };
		83C6988A87401A920AF4D914 /* PluginProcessorUtils.cpp in Sources */ = {isa = PBXBuildFile; fileRef = C9FCD6EAE218D52AB360A75C /* PluginProcessorUtils.cpp */; };
		882FA28075BDF3C8A78B16E8 /* include_juce_audio_plugin_client_AU_1.mm in Sources */ = {isa = PBXBuildFile; fileRef = ED73C93BA91BB181DE342959 /* include_juce_audio_plugin_client_AU_1.mm */; };
		9C29F9864B1240E1EA756D51 /* QuartzCore.framework in Frameworks */ = {isa = PBXBuildFile; fileRef = 73CF2449BEE2A9250A07B55F /* QuartzCore.framework */; };
		9C80631023586B8D0056F2AE /* DelayTimeCalculator.cpp in Sources */ = {isa = PBXBuildFile; fileRef = 9C80630F23586B8D0056F2AE /* DelayTimeCalculator.cpp */; };
		9E6A4555FFCEEE818B801DCC /* include_juce_events.mm in Sources */ = {isa = PBXBuildFile; fileRef = A74EB8982C88ECFE276EEDD9 /* include_juce_events.mm */; };
		A0962A769EC459590F3AD812 /* OpenGL.framework in Frameworks */ = {isa = PBXBuildFile; fileRef = 5A1F39040F798FE73CD296DC /* OpenGL.framework */; };
		A53C7657708C95E4CBA2E9D3 /* include_juce_data_structures.mm in Sources */ = {isa = PBXBuildFile; fileRef = 206B6C7FC28B461CF6A904A8 /* include_juce_data_structures.mm */; };
		A947C59D95860F2C4D642FB4 /* Carbon.framework in Frameworks */ = {isa = PBXBuildFile; fileRef = E11C51DEC8AD63AC69F92057 /* Carbon.framework */; };
		AF6BDB9B71C46C223DA594BD /* AudioToolbox.framework in Frameworks */ = {isa = PBXBuildFile; fileRef = 5ADA2DBFE4D2E9AD6930DB64 /* AudioToolbox.framework */; };
		B910A136F26F738276A816E9 /* include_juce_audio_processors.mm in Sources */ = {isa = PBXBuildFile; fileRef = 1BDBA0851A0F5C027094E104 /* include_juce_audio_processors.mm */; };
		C1D3F3EF1DF679069669A71F /* include_juce_graphics.mm in Sources */ = {isa = PBXBuildFile; fileRef = 264878E66D189BDD29B180C4 /* include_juce_graphics.mm */; };
		C59DDA8BAEDEFDC26F909BE9 /* include_juce_opengl.mm in Sources */ = {isa = PBXBuildFile; fileRef = AB68AC87EC39D9BE6C418332 /* include_juce_opengl.mm */; };
		D2E631A2DBB0BC07EDF63E9E /* include_juce_audio_plugin_client_AU.r in Rez */ = {isa = PBXBuildFile; fileRef = 760260756295AB266066C2CD /* include_juce_audio_plugin_client_AU.r */; };
		D913B95A0F4A6396E999D8D3 /* AudioUnit.framework in Frameworks */ = {isa = PBXBuildFile; fileRef = 87623E638D5516284A1A8FC6 /* AudioUnit.framework */; };
		E1F738EB2BF8EE316E17EC0D /* CoreAudioKit.framework in Frameworks */ = {isa = PBXBuildFile; fileRef = 1D657D1482D81BA2DD6141FF /* CoreAudioKit.framework */; };
		F548F17C9B12068D730D187B /* RecentFilesMenuTemplate.nib in Resources */ = {isa = PBXBuildFile; fileRef = 700F588F27A8B6D9A0335E69 /* RecentFilesMenuTemplate.nib */; };
		F65A5E0C01A8762132F5A40E /* include_juce_audio_plugin_client_AU_2.mm in Sources */ = {isa = PBXBuildFile; fileRef = E2CC58E49ECB32633D663D2B /* include_juce_audio_plugin_client_AU_2.mm */; };
		FB7B9D71F6D7126B132C8C00 /* include_juce_audio_plugin_client_Unity.cpp in Sources */ = {isa = PBXBuildFile; fileRef = B53605C2D515181BFC66FC3E /* include_juce_audio_plugin_client_Unity.cpp */; };
/* End PBXBuildFile section */

/* Begin PBXContainerItemProxy section */
		9C80630C2358590B0056F2AE /* PBXContainerItemProxy */ = {
			isa = PBXContainerItemProxy;
			containerPortal = 94FD2929655A491F66F5D5DF /* Project object */;
			proxyType = 1;
			remoteGlobalIDString = D30632344880D92FD57A82FD;
			remoteInfo = "SimpleDelay - AU";
		};
		9C80630D2358590B0056F2AE /* PBXContainerItemProxy */ = {
			isa = PBXContainerItemProxy;
			containerPortal = 94FD2929655A491F66F5D5DF /* Project object */;
			proxyType = 1;
			remoteGlobalIDString = 09C21A5107131AB7052420E5;
			remoteInfo = "SimpleDelay - Shared Code";
		};
/* End PBXContainerItemProxy section */

/* Begin PBXFileReference section */
		058111038B3D4AB3C34EF816 /* CoreMIDI.framework */ = {isa = PBXFileReference; lastKnownFileType = wrapper.framework; name = CoreMIDI.framework; path = System/Library/Frameworks/CoreMIDI.framework; sourceTree = SDKROOT; };
		077524229F38C21D8AD4BB2B /* include_juce_gui_extra.mm */ = {isa = PBXFileReference; lastKnownFileType = sourcecode.cpp.objcpp; name = include_juce_gui_extra.mm; path = ../../JuceLibraryCode/include_juce_gui_extra.mm; sourceTree = SOURCE_ROOT; };
		1269ABEDCCEA8433AEBA18A5 /* juce_events */ = {isa = PBXFileReference; lastKnownFileType = folder; name = juce_events; path = ../../JuceLibraryCode/modules/juce_events; sourceTree = SOURCE_ROOT; };
		1BDBA0851A0F5C027094E104 /* include_juce_audio_processors.mm */ = {isa = PBXFileReference; lastKnownFileType = sourcecode.cpp.objcpp; name = include_juce_audio_processors.mm; path = ../../JuceLibraryCode/include_juce_audio_processors.mm; sourceTree = SOURCE_ROOT; };
		1D657D1482D81BA2DD6141FF /* CoreAudioKit.framework */ = {isa = PBXFileReference; lastKnownFileType = wrapper.framework; name = CoreAudioKit.framework; path = System/Library/Frameworks/CoreAudioKit.framework; sourceTree = SDKROOT; };
		1DC8ACF5D73B63199BC320CB /* include_juce_audio_formats.mm */ = {isa = PBXFileReference; lastKnownFileType = sourcecode.cpp.objcpp; name = include_juce_audio_formats.mm; path = ../../JuceLibraryCode/include_juce_audio_formats.mm; sourceTree = SOURCE_ROOT; };
		1DEA8716C809B3C12192F959 /* juce_graphics */ = {isa = PBXFileReference; lastKnownFileType = folder; name = juce_graphics; path = ../../JuceLibraryCode/modules/juce_graphics; sourceTree = SOURCE_ROOT; };
		1F857EC7DC77D6DDAD14992C /* include_juce_audio_plugin_client_utils.cpp */ = {isa = PBXFileReference; lastKnownFileType = sourcecode.cpp.cpp; name = include_juce_audio_plugin_client_utils.cpp; path = ../../JuceLibraryCode/include_juce_audio_plugin_client_utils.cpp; sourceTree = SOURCE_ROOT; };
		206B6C7FC28B461CF6A904A8 /* include_juce_data_structures.mm */ = {isa = PBXFileReference; lastKnownFileType = sourcecode.cpp.objcpp; name = include_juce_data_structures.mm; path = ../../JuceLibraryCode/include_juce_data_structures.mm; sourceTree = SOURCE_ROOT; };
		20BAA27ED8B95D3CE7F0AEBB /* juce_audio_basics */ = {isa = PBXFileReference; lastKnownFileType = folder; name = juce_audio_basics; path = ../../JuceLibraryCode/modules/juce_audio_basics; sourceTree = SOURCE_ROOT; };
		2187C6B12584CF85C2184D24 /* include_juce_cryptography.mm */ = {isa = PBXFileReference; lastKnownFileType = sourcecode.cpp.objcpp; name = include_juce_cryptography.mm; path = ../../JuceLibraryCode/include_juce_cryptography.mm; sourceTree = SOURCE_ROOT; };
		264878E66D189BDD29B180C4 /* include_juce_graphics.mm */ = {isa = PBXFileReference; lastKnownFileType = sourcecode.cpp.objcpp; name = include_juce_graphics.mm; path = ../../JuceLibraryCode/include_juce_graphics.mm; sourceTree = SOURCE_ROOT; };
		28E99887B520B79ED1958274 /* juce_video */ = {isa = PBXFileReference; lastKnownFileType = folder; name = juce_video; path = ../../JuceLibraryCode/modules/juce_video; sourceTree = SOURCE_ROOT; };
		297658C54F005865C8B23258 /* include_juce_audio_basics.mm */ = {isa = PBXFileReference; lastKnownFileType = sourcecode.cpp.objcpp; name = include_juce_audio_basics.mm; path = ../../JuceLibraryCode/include_juce_audio_basics.mm; sourceTree = SOURCE_ROOT; };
		336E69AA8E762CCB035341E5 /* libSimpleDelay.a */ = {isa = PBXFileReference; explicitFileType = archive.ar; includeInIndex = 0; path = libSimpleDelay.a; sourceTree = BUILT_PRODUCTS_DIR; };
		378F92F8AB173877908131DF /* juce_opengl */ = {isa = PBXFileReference; lastKnownFileType = folder; name = juce_opengl; path = ../../JuceLibraryCode/modules/juce_opengl; sourceTree = SOURCE_ROOT; };
		3DCB6EC085087F629A21C33A /* SimpleDelay.component */ = {isa = PBXFileReference; explicitFileType = wrapper.cfbundle; includeInIndex = 0; path = SimpleDelay.component; sourceTree = BUILT_PRODUCTS_DIR; };
		43D84413FA8AD8F6F372596F /* AVKit.framework */ = {isa = PBXFileReference; lastKnownFileType = wrapper.framework; name = AVKit.framework; path = System/Library/Frameworks/AVKit.framework; sourceTree = SDKROOT; };
		4F7DF9536CAD25F19428DB58 /* WebKit.framework */ = {isa = PBXFileReference; lastKnownFileType = wrapper.framework; name = WebKit.framework; path = System/Library/Frameworks/WebKit.framework; sourceTree = SDKROOT; };
		5A1F39040F798FE73CD296DC /* OpenGL.framework */ = {isa = PBXFileReference; lastKnownFileType = wrapper.framework; name = OpenGL.framework; path = System/Library/Frameworks/OpenGL.framework; sourceTree = SDKROOT; };
		5ADA2DBFE4D2E9AD6930DB64 /* AudioToolbox.framework */ = {isa = PBXFileReference; lastKnownFileType = wrapper.framework; name = AudioToolbox.framework; path = System/Library/Frameworks/AudioToolbox.framework; sourceTree = SDKROOT; };
		64D182A202CD1BF97CB1905D /* AppConfig.h */ = {isa = PBXFileReference; lastKnownFileType = sourcecode.c.h; name = AppConfig.h; path = ../../JuceLibraryCode/AppConfig.h; sourceTree = SOURCE_ROOT; };
		65EF288BB240A74AF0E251F9 /* JuceHeader.h */ = {isa = PBXFileReference; lastKnownFileType = sourcecode.c.h; name = JuceHeader.h; path = ../../JuceLibraryCode/JuceHeader.h; sourceTree = SOURCE_ROOT; };
		66C739E7AF98131946B86A28 /* CoreAudio.framework */ = {isa = PBXFileReference; lastKnownFileType = wrapper.framework; name = CoreAudio.framework; path = System/Library/Frameworks/CoreAudio.framework; sourceTree = SDKROOT; };
		6934FC5A0C59025D7B6D93AD /* juce_core */ = {isa = PBXFileReference; lastKnownFileType = folder; name = juce_core; path = ../../JuceLibraryCode/modules/juce_core; sourceTree = SOURCE_ROOT; };
		6D0B9966852701EA200B89C6 /* juce_audio_utils */ = {isa = PBXFileReference; lastKnownFileType = folder; name = juce_audio_utils; path = ../../JuceLibraryCode/modules/juce_audio_utils; sourceTree = SOURCE_ROOT; };
		700F588F27A8B6D9A0335E69 /* RecentFilesMenuTemplate.nib */ = {isa = PBXFileReference; lastKnownFileType = file.nib; path = RecentFilesMenuTemplate.nib; sourceTree = SOURCE_ROOT; };
		73CF2449BEE2A9250A07B55F /* QuartzCore.framework */ = {isa = PBXFileReference; lastKnownFileType = wrapper.framework; name = QuartzCore.framework; path = System/Library/Frameworks/QuartzCore.framework; sourceTree = SDKROOT; };
		7554F3238815E052B5EEF967 /* Info-AU.plist */ = {isa = PBXFileReference; lastKnownFileType = text.plist.xml; path = "Info-AU.plist"; sourceTree = SOURCE_ROOT; };
		760260756295AB266066C2CD /* include_juce_audio_plugin_client_AU.r */ = {isa = PBXFileReference; lastKnownFileType = file.r; name = include_juce_audio_plugin_client_AU.r; path = ../../JuceLibraryCode/include_juce_audio_plugin_client_AU.r; sourceTree = SOURCE_ROOT; };
		79FC09532672E2991E605E0A /* juce_gui_basics */ = {isa = PBXFileReference; lastKnownFileType = folder; name = juce_gui_basics; path = ../../JuceLibraryCode/modules/juce_gui_basics; sourceTree = SOURCE_ROOT; };
		86749DFD6E70CF0F70EA76D0 /* juce_cryptography */ = {isa = PBXFileReference; lastKnownFileType = folder; name = juce_cryptography; path = ../../JuceLibraryCode/modules/juce_cryptography; sourceTree = SOURCE_ROOT; };
		86EDD9C51B93ED1B5B75D7F0 /* PluginProcessor.h */ = {isa = PBXFileReference; lastKnownFileType = sourcecode.c.h; name = PluginProcessor.h; path = ../../Source/PluginProcessor.h; sourceTree = SOURCE_ROOT; };
		87623E638D5516284A1A8FC6 /* AudioUnit.framework */ = {isa = PBXFileReference; lastKnownFileType = wrapper.framework; name = AudioUnit.framework; path = System/Library/Frameworks/AudioUnit.framework; sourceTree = SDKROOT; };
		8CCC825602ECB5447F2A6217 /* CoreMedia.framework */ = {isa = PBXFileReference; lastKnownFileType = wrapper.framework; name = CoreMedia.framework; path = System/Library/Frameworks/CoreMedia.framework; sourceTree = SDKROOT; };
		937235625A3E43A67898FDF4 /* include_juce_audio_plugin_client_VST_utils.mm */ = {isa = PBXFileReference; lastKnownFileType = sourcecode.cpp.objcpp; name = include_juce_audio_plugin_client_VST_utils.mm; path = ../../JuceLibraryCode/include_juce_audio_plugin_client_VST_utils.mm; sourceTree = SOURCE_ROOT; };
		9726B63B57CFB91574E8EA70 /* juce_audio_devices */ = {isa = PBXFileReference; lastKnownFileType = folder; name = juce_audio_devices; path = ../../JuceLibraryCode/modules/juce_audio_devices; sourceTree = SOURCE_ROOT; };
		9C80630E23586B8D0056F2AE /* DelayTimeCalculator.h */ = {isa = PBXFileReference; lastKnownFileType = sourcecode.c.h; name = DelayTimeCalculator.h; path = ../../Source/DelayTimeCalculator.h; sourceTree = "<group>"; };
		9C80630F23586B8D0056F2AE /* DelayTimeCalculator.cpp */ = {isa = PBXFileReference; lastKnownFileType = sourcecode.cpp.cpp; name = DelayTimeCalculator.cpp; path = ../../Source/DelayTimeCalculator.cpp; sourceTree = "<group>"; };
		9CD3C50B16ECFDB50C1EC311 /* IOKit.framework */ = {isa = PBXFileReference; lastKnownFileType = wrapper.framework; name = IOKit.framework; path = System/Library/Frameworks/IOKit.framework; sourceTree = SDKROOT; };
		9CF8ACDEC9C55F9A01C625C1 /* juce_gui_extra */ = {isa = PBXFileReference; lastKnownFileType = folder; name = juce_gui_extra; path = ../../JuceLibraryCode/modules/juce_gui_extra; sourceTree = SOURCE_ROOT; };
		9DCB7748A74B4EB4A68267D1 /* SimpleDelay.entitlements */ = {isa = PBXFileReference; lastKnownFileType = text.plist.xml; path = SimpleDelay.entitlements; sourceTree = SOURCE_ROOT; };
		9F98B8E4241F10C82CFB4049 /* AVFoundation.framework */ = {isa = PBXFileReference; lastKnownFileType = wrapper.framework; name = AVFoundation.framework; path = System/Library/Frameworks/AVFoundation.framework; sourceTree = SDKROOT; };
		A5168F9ADB34C819384A9631 /* DiscRecording.framework */ = {isa = PBXFileReference; lastKnownFileType = wrapper.framework; name = DiscRecording.framework; path = System/Library/Frameworks/DiscRecording.framework; sourceTree = SDKROOT; };
		A74EB8982C88ECFE276EEDD9 /* include_juce_events.mm */ = {isa = PBXFileReference; lastKnownFileType = sourcecode.cpp.objcpp; name = include_juce_events.mm; path = ../../JuceLibraryCode/include_juce_events.mm; sourceTree = SOURCE_ROOT; };
		AB68AC87EC39D9BE6C418332 /* include_juce_opengl.mm */ = {isa = PBXFileReference; lastKnownFileType = sourcecode.cpp.objcpp; name = include_juce_opengl.mm; path = ../../JuceLibraryCode/include_juce_opengl.mm; sourceTree = SOURCE_ROOT; };
		B16BD666373A0A227696EDEA /* include_juce_video.mm */ = {isa = PBXFileReference; lastKnownFileType = sourcecode.cpp.objcpp; name = include_juce_video.mm; path = ../../JuceLibraryCode/include_juce_video.mm; sourceTree = SOURCE_ROOT; };
		B260731943E09BC7D1C75CD7 /* Cocoa.framework */ = {isa = PBXFileReference; lastKnownFileType = wrapper.framework; name = Cocoa.framework; path = System/Library/Frameworks/Cocoa.framework; sourceTree = SDKROOT; };
		B53605C2D515181BFC66FC3E /* include_juce_audio_plugin_client_Unity.cpp */ = {isa = PBXFileReference; lastKnownFileType = sourcecode.cpp.cpp; name = include_juce_audio_plugin_client_Unity.cpp; path = ../../JuceLibraryCode/include_juce_audio_plugin_client_Unity.cpp; sourceTree = SOURCE_ROOT; };
		BFE4EE60D7536F7DB0BCAB12 /* Accelerate.framework */ = {isa = PBXFileReference; lastKnownFileType = wrapper.framework; name = Accelerate.framework; path = System/Library/Frameworks/Accelerate.framework; sourceTree = SDKROOT; };
		C7AFAC7DE74625175B5D3E27 /* juce_audio_processors */ = {isa = PBXFileReference; lastKnownFileType = folder; name = juce_audio_processors; path = ../../JuceLibraryCode/modules/juce_audio_processors; sourceTree = SOURCE_ROOT; };
		C9B90961517112A85B9FC15A /* juce_audio_formats */ = {isa = PBXFileReference; lastKnownFileType = folder; name = juce_audio_formats; path = ../../JuceLibraryCode/modules/juce_audio_formats; sourceTree = SOURCE_ROOT; };
		C9FCD6EAE218D52AB360A75C /* PluginProcessorUtils.cpp */ = {isa = PBXFileReference; lastKnownFileType = sourcecode.cpp.cpp; name = PluginProcessorUtils.cpp; path = ../../Source/PluginProcessorUtils.cpp; sourceTree = SOURCE_ROOT; };
		CBCD7C050195990AAEEBE798 /* include_juce_gui_basics.mm */ = {isa = PBXFileReference; lastKnownFileType = sourcecode.cpp.objcpp; name = include_juce_gui_basics.mm; path = ../../JuceLibraryCode/include_juce_gui_basics.mm; sourceTree = SOURCE_ROOT; };
		CE5234556EC2274260259892 /* include_juce_core.mm */ = {isa = PBXFileReference; lastKnownFileType = sourcecode.cpp.objcpp; name = include_juce_core.mm; path = ../../JuceLibraryCode/include_juce_core.mm; sourceTree = SOURCE_ROOT; };
		D435C52760F54A86A9E02EBE /* juce_data_structures */ = {isa = PBXFileReference; lastKnownFileType = folder; name = juce_data_structures; path = ../../JuceLibraryCode/modules/juce_data_structures; sourceTree = SOURCE_ROOT; };
		E11C51DEC8AD63AC69F92057 /* Carbon.framework */ = {isa = PBXFileReference; lastKnownFileType = wrapper.framework; name = Carbon.framework; path = System/Library/Frameworks/Carbon.framework; sourceTree = SDKROOT; };
		E2CC58E49ECB32633D663D2B /* include_juce_audio_plugin_client_AU_2.mm */ = {isa = PBXFileReference; lastKnownFileType = sourcecode.cpp.objcpp; name = include_juce_audio_plugin_client_AU_2.mm; path = ../../JuceLibraryCode/include_juce_audio_plugin_client_AU_2.mm; sourceTree = SOURCE_ROOT; };
		E77B515D374A48E7157FC491 /* include_juce_audio_devices.mm */ = {isa = PBXFileReference; lastKnownFileType = sourcecode.cpp.objcpp; name = include_juce_audio_devices.mm; path = ../../JuceLibraryCode/include_juce_audio_devices.mm; sourceTree = SOURCE_ROOT; };
		EBEA111A91D8B0084F9ED9EE /* include_juce_audio_utils.mm */ = {isa = PBXFileReference; lastKnownFileType = sourcecode.cpp.objcpp; name = include_juce_audio_utils.mm; path = ../../JuceLibraryCode/include_juce_audio_utils.mm; sourceTree = SOURCE_ROOT; };
		ED73C93BA91BB181DE342959 /* include_juce_audio_plugin_client_AU_1.mm */ = {isa = PBXFileReference; lastKnownFileType = sourcecode.cpp.objcpp; name = include_juce_audio_plugin_client_AU_1.mm; path = ../../JuceLibraryCode/include_juce_audio_plugin_client_AU_1.mm; sourceTree = SOURCE_ROOT; };
		F284EF4ACF57F8EFEC719951 /* juce_audio_plugin_client */ = {isa = PBXFileReference; lastKnownFileType = folder; name = juce_audio_plugin_client; path = ../../JuceLibraryCode/modules/juce_audio_plugin_client; sourceTree = SOURCE_ROOT; };
		FF82CB5D45A6C302EB4A10CE /* PluginProcessor.cpp */ = {isa = PBXFileReference; lastKnownFileType = sourcecode.cpp.cpp; name = PluginProcessor.cpp; path = ../../Source/PluginProcessor.cpp; sourceTree = SOURCE_ROOT; };
/* End PBXFileReference section */

/* Begin PBXFrameworksBuildPhase section */
		D358D76D74C62601C0DD1FE5 /* Frameworks */ = {
			isa = PBXFrameworksBuildPhase;
			buildActionMask = 2147483647;
			files = (
				385E871E736321050399B349 /* Accelerate.framework in Frameworks */,
				AF6BDB9B71C46C223DA594BD /* AudioToolbox.framework in Frameworks */,
				D913B95A0F4A6396E999D8D3 /* AudioUnit.framework in Frameworks */,
				033ABF092058CE1786A154B4 /* AVFoundation.framework in Frameworks */,
				561C4E0731D83FFDD75D78E8 /* AVKit.framework in Frameworks */,
				A947C59D95860F2C4D642FB4 /* Carbon.framework in Frameworks */,
				085CC058C540A360C881D74F /* Cocoa.framework in Frameworks */,
				799C526E50E67DC42948DAD4 /* CoreAudio.framework in Frameworks */,
				E1F738EB2BF8EE316E17EC0D /* CoreAudioKit.framework in Frameworks */,
				35358DD5F493A9B29516D2DC /* CoreMedia.framework in Frameworks */,
				3782234076E5C2EC2EA34AFA /* CoreMIDI.framework in Frameworks */,
				73FCD93D790A551D1539B677 /* DiscRecording.framework in Frameworks */,
				286E12A3543598C6E98BFB56 /* IOKit.framework in Frameworks */,
				A0962A769EC459590F3AD812 /* OpenGL.framework in Frameworks */,
				9C29F9864B1240E1EA756D51 /* QuartzCore.framework in Frameworks */,
				148A22DCF178EEA996CB2203 /* WebKit.framework in Frameworks */,
			);
			runOnlyForDeploymentPostprocessing = 0;
		};
/* End PBXFrameworksBuildPhase section */

/* Begin PBXGroup section */
		36B4AF552C4D50AD9C78F54D /* Source */ = {
			isa = PBXGroup;
			children = (
				9DCB7748A74B4EB4A68267D1 /* SimpleDelay.entitlements */,
				A7669F3FEF8E8C04E443CFA4 /* SimpleDelay */,
				F68A5E89ED948500AC135705 /* JUCE Modules */,
				5DF828F929904ED1FE6B0E4D /* JUCE Library Code */,
				858CD9EEB89369A29207464A /* Resources */,
				F5651CBC092CCCDDF95AC2FC /* Frameworks */,
				CA4322108E5FD3784612FEB3 /* Products */,
			);
			name = Source;
			sourceTree = "<group>";
		};
		5DF828F929904ED1FE6B0E4D /* JUCE Library Code */ = {
			isa = PBXGroup;
			children = (
				64D182A202CD1BF97CB1905D /* AppConfig.h */,
				297658C54F005865C8B23258 /* include_juce_audio_basics.mm */,
				E77B515D374A48E7157FC491 /* include_juce_audio_devices.mm */,
				1DC8ACF5D73B63199BC320CB /* include_juce_audio_formats.mm */,
				760260756295AB266066C2CD /* include_juce_audio_plugin_client_AU.r */,
				ED73C93BA91BB181DE342959 /* include_juce_audio_plugin_client_AU_1.mm */,
				E2CC58E49ECB32633D663D2B /* include_juce_audio_plugin_client_AU_2.mm */,
				B53605C2D515181BFC66FC3E /* include_juce_audio_plugin_client_Unity.cpp */,
				1F857EC7DC77D6DDAD14992C /* include_juce_audio_plugin_client_utils.cpp */,
				937235625A3E43A67898FDF4 /* include_juce_audio_plugin_client_VST_utils.mm */,
				1BDBA0851A0F5C027094E104 /* include_juce_audio_processors.mm */,
				EBEA111A91D8B0084F9ED9EE /* include_juce_audio_utils.mm */,
				CE5234556EC2274260259892 /* include_juce_core.mm */,
				2187C6B12584CF85C2184D24 /* include_juce_cryptography.mm */,
				206B6C7FC28B461CF6A904A8 /* include_juce_data_structures.mm */,
				A74EB8982C88ECFE276EEDD9 /* include_juce_events.mm */,
				264878E66D189BDD29B180C4 /* include_juce_graphics.mm */,
				CBCD7C050195990AAEEBE798 /* include_juce_gui_basics.mm */,
				077524229F38C21D8AD4BB2B /* include_juce_gui_extra.mm */,
				AB68AC87EC39D9BE6C418332 /* include_juce_opengl.mm */,
				B16BD666373A0A227696EDEA /* include_juce_video.mm */,
				65EF288BB240A74AF0E251F9 /* JuceHeader.h */,
			);
			name = "JUCE Library Code";
			sourceTree = "<group>";
		};
		70273704E707E36E8D5E6ABB /* Source */ = {
			isa = PBXGroup;
			children = (
				C9FCD6EAE218D52AB360A75C /* PluginProcessorUtils.cpp */,
				FF82CB5D45A6C302EB4A10CE /* PluginProcessor.cpp */,
				86EDD9C51B93ED1B5B75D7F0 /* PluginProcessor.h */,
				9C80630E23586B8D0056F2AE /* DelayTimeCalculator.h */,
				9C80630F23586B8D0056F2AE /* DelayTimeCalculator.cpp */,
			);
			name = Source;
			sourceTree = "<group>";
		};
		858CD9EEB89369A29207464A /* Resources */ = {
			isa = PBXGroup;
			children = (
				7554F3238815E052B5EEF967 /* Info-AU.plist */,
				700F588F27A8B6D9A0335E69 /* RecentFilesMenuTemplate.nib */,
			);
			name = Resources;
			sourceTree = "<group>";
		};
		A7669F3FEF8E8C04E443CFA4 /* SimpleDelay */ = {
			isa = PBXGroup;
			children = (
				70273704E707E36E8D5E6ABB /* Source */,
			);
			name = SimpleDelay;
			sourceTree = "<group>";
		};
		CA4322108E5FD3784612FEB3 /* Products */ = {
			isa = PBXGroup;
			children = (
				3DCB6EC085087F629A21C33A /* SimpleDelay.component */,
				336E69AA8E762CCB035341E5 /* libSimpleDelay.a */,
			);
			name = Products;
			sourceTree = "<group>";
		};
		F5651CBC092CCCDDF95AC2FC /* Frameworks */ = {
			isa = PBXGroup;
			children = (
				BFE4EE60D7536F7DB0BCAB12 /* Accelerate.framework */,
				5ADA2DBFE4D2E9AD6930DB64 /* AudioToolbox.framework */,
				87623E638D5516284A1A8FC6 /* AudioUnit.framework */,
				9F98B8E4241F10C82CFB4049 /* AVFoundation.framework */,
				43D84413FA8AD8F6F372596F /* AVKit.framework */,
				E11C51DEC8AD63AC69F92057 /* Carbon.framework */,
				B260731943E09BC7D1C75CD7 /* Cocoa.framework */,
				66C739E7AF98131946B86A28 /* CoreAudio.framework */,
				1D657D1482D81BA2DD6141FF /* CoreAudioKit.framework */,
				8CCC825602ECB5447F2A6217 /* CoreMedia.framework */,
				058111038B3D4AB3C34EF816 /* CoreMIDI.framework */,
				A5168F9ADB34C819384A9631 /* DiscRecording.framework */,
				9CD3C50B16ECFDB50C1EC311 /* IOKit.framework */,
				5A1F39040F798FE73CD296DC /* OpenGL.framework */,
				73CF2449BEE2A9250A07B55F /* QuartzCore.framework */,
				4F7DF9536CAD25F19428DB58 /* WebKit.framework */,
			);
			name = Frameworks;
			sourceTree = "<group>";
		};
		F68A5E89ED948500AC135705 /* JUCE Modules */ = {
			isa = PBXGroup;
			children = (
				20BAA27ED8B95D3CE7F0AEBB /* juce_audio_basics */,
				9726B63B57CFB91574E8EA70 /* juce_audio_devices */,
				C9B90961517112A85B9FC15A /* juce_audio_formats */,
				F284EF4ACF57F8EFEC719951 /* juce_audio_plugin_client */,
				C7AFAC7DE74625175B5D3E27 /* juce_audio_processors */,
				6D0B9966852701EA200B89C6 /* juce_audio_utils */,
				6934FC5A0C59025D7B6D93AD /* juce_core */,
				86749DFD6E70CF0F70EA76D0 /* juce_cryptography */,
				D435C52760F54A86A9E02EBE /* juce_data_structures */,
				1269ABEDCCEA8433AEBA18A5 /* juce_events */,
				1DEA8716C809B3C12192F959 /* juce_graphics */,
				79FC09532672E2991E605E0A /* juce_gui_basics */,
				9CF8ACDEC9C55F9A01C625C1 /* juce_gui_extra */,
				378F92F8AB173877908131DF /* juce_opengl */,
				28E99887B520B79ED1958274 /* juce_video */,
			);
			name = "JUCE Modules";
			sourceTree = "<group>";
		};
/* End PBXGroup section */

/* Begin PBXNativeTarget section */
		09C21A5107131AB7052420E5 /* SimpleDelay - Shared Code */ = {
			isa = PBXNativeTarget;
			buildConfigurationList = 15DB496E62FA1B685CEF6E53 /* Build configuration list for PBXNativeTarget "SimpleDelay - Shared Code" */;
			buildPhases = (
				B26B2D5E240C1BAE4383371D /* Sources */,
			);
			buildRules = (
			);
			dependencies = (
			);
			name = "SimpleDelay - Shared Code";
			productName = SimpleDelay;
			productReference = 336E69AA8E762CCB035341E5 /* libSimpleDelay.a */;
			productType = "com.apple.product-type.library.static";
		};
		D30632344880D92FD57A82FD /* SimpleDelay - AU */ = {
			isa = PBXNativeTarget;
			buildConfigurationList = 7F5116F221E6D7BB85D8355E /* Build configuration list for PBXNativeTarget "SimpleDelay - AU" */;
			buildPhases = (
				2D7B3264E1A7E2DD98AA3DA7 /* Resources */,
				09C31BE4FDF42010DF206BAE /* Rez */,
				CB077179FA3BBEB15C794C27 /* Sources */,
				D358D76D74C62601C0DD1FE5 /* Frameworks */,
			);
			buildRules = (
			);
			dependencies = (
				D134319C655DC6F459D701B4 /* PBXTargetDependency */,
			);
			name = "SimpleDelay - AU";
			productName = SimpleDelay;
			productReference = 3DCB6EC085087F629A21C33A /* SimpleDelay.component */;
			productType = "com.apple.product-type.bundle";
		};
/* End PBXNativeTarget section */

/* Begin PBXProject section */
		94FD2929655A491F66F5D5DF /* Project object */ = {
			isa = PBXProject;
			attributes = {
				LastUpgradeCheck = 0930;
				ORGANIZATIONNAME = "";
				TargetAttributes = {
					09C21A5107131AB7052420E5 = {
						SystemCapabilities = {
							com.apple.ApplicationGroups.iOS = {
								enabled = 0;
							};
							com.apple.InAppPurchase = {
								enabled = 0;
							};
							com.apple.InterAppAudio = {
								enabled = 0;
							};
							com.apple.Push = {
								enabled = 0;
							};
							com.apple.Sandbox = {
								enabled = 0;
							};
						};
					};
					3009CEE7B7D83B008E17CF18 = {
						SystemCapabilities = {
							com.apple.ApplicationGroups.iOS = {
								enabled = 0;
							};
							com.apple.InAppPurchase = {
								enabled = 0;
							};
							com.apple.InterAppAudio = {
								enabled = 0;
							};
							com.apple.Push = {
								enabled = 0;
							};
							com.apple.Sandbox = {
								enabled = 0;
							};
						};
					};
					D30632344880D92FD57A82FD = {
						SystemCapabilities = {
							com.apple.ApplicationGroups.iOS = {
								enabled = 0;
							};
							com.apple.InAppPurchase = {
								enabled = 0;
							};
							com.apple.InterAppAudio = {
								enabled = 0;
							};
							com.apple.Push = {
								enabled = 0;
							};
							com.apple.Sandbox = {
								enabled = 0;
							};
						};
					};
				};
			};
			buildConfigurationList = D19B844888056B4EFE409471 /* Build configuration list for PBXProject "SimpleDelay" */;
			compatibilityVersion = "Xcode 3.2";
			developmentRegion = en;
			hasScannedForEncodings = 0;
			knownRegions = (
				en,
			);
			mainGroup = 36B4AF552C4D50AD9C78F54D /* Source */;
			projectDirPath = "";
			projectRoot = "";
			targets = (
				3009CEE7B7D83B008E17CF18 /* SimpleDelay - All */,
				D30632344880D92FD57A82FD /* SimpleDelay - AU */,
				09C21A5107131AB7052420E5 /* SimpleDelay - Shared Code */,
			);
		};
/* End PBXProject section */

/* Begin PBXResourcesBuildPhase section */
		2D7B3264E1A7E2DD98AA3DA7 /* Resources */ = {
			isa = PBXResourcesBuildPhase;
			buildActionMask = 2147483647;
			files = (
				F548F17C9B12068D730D187B /* RecentFilesMenuTemplate.nib in Resources */,
			);
			runOnlyForDeploymentPostprocessing = 0;
		};
/* End PBXResourcesBuildPhase section */

/* Begin PBXRezBuildPhase section */
		09C31BE4FDF42010DF206BAE /* Rez */ = {
			isa = PBXRezBuildPhase;
			buildActionMask = 2147483647;
			files = (
				D2E631A2DBB0BC07EDF63E9E /* include_juce_audio_plugin_client_AU.r in Rez */,
			);
			runOnlyForDeploymentPostprocessing = 0;
		};
/* End PBXRezBuildPhase section */

/* Begin PBXSourcesBuildPhase section */
		B26B2D5E240C1BAE4383371D /* Sources */ = {
			isa = PBXSourcesBuildPhase;
			buildActionMask = 2147483647;
			files = (
				83C6988A87401A920AF4D914 /* PluginProcessorUtils.cpp in Sources */,
				1165DCE2064D844413C1D74F /* PluginProcessor.cpp in Sources */,
				08C41F582C39D01BEE2B08FC /* include_juce_audio_basics.mm in Sources */,
				30FBA953169EB0E4C75D7605 /* include_juce_audio_devices.mm in Sources */,
				0FD30A01AEBF61F29E169F75 /* include_juce_audio_formats.mm in Sources */,
				FB7B9D71F6D7126B132C8C00 /* include_juce_audio_plugin_client_Unity.cpp in Sources */,
				7071D623FCAEA6C20E7D9CE5 /* include_juce_audio_plugin_client_utils.cpp in Sources */,
				7D9B6B28001E31EB37855110 /* include_juce_audio_plugin_client_VST_utils.mm in Sources */,
				B910A136F26F738276A816E9 /* include_juce_audio_processors.mm in Sources */,
				345293FFE4A02FCFB841B241 /* include_juce_audio_utils.mm in Sources */,
				2FDA9AD22B7D23F0B0676728 /* include_juce_core.mm in Sources */,
				576B04F629572198D415069D /* include_juce_cryptography.mm in Sources */,
				A53C7657708C95E4CBA2E9D3 /* include_juce_data_structures.mm in Sources */,
				9E6A4555FFCEEE818B801DCC /* include_juce_events.mm in Sources */,
				C1D3F3EF1DF679069669A71F /* include_juce_graphics.mm in Sources */,
				75FE43EF686039170508C8E2 /* include_juce_gui_basics.mm in Sources */,
				0EFF8061F6C100343DD7D13B /* include_juce_gui_extra.mm in Sources */,
				9C80631023586B8D0056F2AE /* DelayTimeCalculator.cpp in Sources */,
				C59DDA8BAEDEFDC26F909BE9 /* include_juce_opengl.mm in Sources */,
				257C5CC47CBEC959081AE6D6 /* include_juce_video.mm in Sources */,
			);
			runOnlyForDeploymentPostprocessing = 0;
		};
		CB077179FA3BBEB15C794C27 /* Sources */ = {
			isa = PBXSourcesBuildPhase;
			buildActionMask = 2147483647;
			files = (
				882FA28075BDF3C8A78B16E8 /* include_juce_audio_plugin_client_AU_1.mm in Sources */,
				F65A5E0C01A8762132F5A40E /* include_juce_audio_plugin_client_AU_2.mm in Sources */,
			);
			runOnlyForDeploymentPostprocessing = 0;
		};
/* End PBXSourcesBuildPhase section */

/* Begin PBXTargetDependency section */
		BDCF929FF1CDB05DB4DDF922 /* PBXTargetDependency */ = {
			isa = PBXTargetDependency;
			target = D30632344880D92FD57A82FD /* SimpleDelay - AU */;
			targetProxy = 9C80630C2358590B0056F2AE /* PBXContainerItemProxy */;
		};
		D134319C655DC6F459D701B4 /* PBXTargetDependency */ = {
			isa = PBXTargetDependency;
			target = 09C21A5107131AB7052420E5 /* SimpleDelay - Shared Code */;
			targetProxy = 9C80630D2358590B0056F2AE /* PBXContainerItemProxy */;
		};
/* End PBXTargetDependency section */

/* Begin XCBuildConfiguration section */
		4F72FED4DED01B01C6CF8D25 /* Release */ = {
			isa = XCBuildConfiguration;
			buildSettings = {
				CLANG_CXX_LANGUAGE_STANDARD = "c++14";
				CLANG_CXX_LIBRARY = "libc++";
				CLANG_LINK_OBJC_RUNTIME = NO;
				CLANG_WARN_FLOAT_CONVERSION = YES;
				CLANG_WARN_SUSPICIOUS_IMPLICIT_CONVERSION = YES;
				COMBINE_HIDPI_IMAGES = YES;
				CONFIGURATION_BUILD_DIR = "$(PROJECT_DIR)/build/$(CONFIGURATION)";
				DEAD_CODE_STRIPPING = YES;
				GCC_GENERATE_DEBUGGING_SYMBOLS = NO;
				GCC_OPTIMIZATION_LEVEL = 3;
				GCC_PREPROCESSOR_DEFINITIONS = (
					"_NDEBUG=1",
					"NDEBUG=1",
					"JUCER_XCODE_MAC_F6D2F4CF=1",
					"JUCE_APP_VERSION=1.0.0",
					"JUCE_APP_VERSION_HEX=0x10000",
					"JucePlugin_Build_VST=0",
					"JucePlugin_Build_VST3=0",
					"JucePlugin_Build_AU=1",
					"JucePlugin_Build_AUv3=0",
					"JucePlugin_Build_RTAS=0",
					"JucePlugin_Build_AAX=0",
					"JucePlugin_Build_Standalone=0",
					"JUCE_SHARED_CODE=1",
				);
				GCC_SYMBOLS_PRIVATE_EXTERN = YES;
				GCC_TREAT_INCOMPATIBLE_POINTER_TYPE_WARNINGS_AS_ERRORS = YES;
				GCC_VERSION = com.apple.compilers.llvm.clang.1_0;
				GCC_WARN_HIDDEN_VIRTUAL_FUNCTIONS = YES;
				GCC_WARN_INITIALIZER_NOT_FULLY_BRACKETED = YES;
				GCC_WARN_SHADOW = YES;
				GCC_WARN_SIGN_COMPARE = YES;
				GCC_WARN_UNUSED_PARAMETER = YES;
				HEADER_SEARCH_PATHS = (
					../../JuceLibraryCode,
					../../JuceLibraryCode/modules,
					../../JuceLibraryCode/modules/juce_audio_plugin_client,
					"$(inherited)",
				);
				INSTALL_PATH = "@executable_path/../Frameworks";
				LLVM_LTO = YES;
				MACOSX_DEPLOYMENT_TARGET = 10.11;
				MACOSX_DEPLOYMENT_TARGET_ppc = 10.4;
				OTHER_CPLUSPLUSFLAGS = (
					"$(OTHER_CFLAGS)",
					"-Wall",
					"-Wextra",
					"-Wshadow",
					"-Werror",
					"-Wreorder",
				);
				PRODUCT_BUNDLE_IDENTIFIER = com.ampify.SimpleDelay;
				SDKROOT_ppc = macosx10.5;
				USE_HEADERMAP = NO;
			};
			name = Release;
		};
		7D165C9EAD50CDC432C32A5B /* Release */ = {
			isa = XCBuildConfiguration;
			buildSettings = {
				ALWAYS_SEARCH_USER_PATHS = NO;
				CLANG_WARN_BLOCK_CAPTURE_AUTORELEASING = YES;
				CLANG_WARN_BOOL_CONVERSION = YES;
				CLANG_WARN_COMMA = YES;
				CLANG_WARN_CONSTANT_CONVERSION = YES;
				CLANG_WARN_EMPTY_BODY = YES;
				CLANG_WARN_ENUM_CONVERSION = YES;
				CLANG_WARN_INFINITE_RECURSION = YES;
				CLANG_WARN_INT_CONVERSION = YES;
				CLANG_WARN_NON_LITERAL_NULL_CONVERSION = YES;
				CLANG_WARN_OBJC_LITERAL_CONVERSION = YES;
				CLANG_WARN_RANGE_LOOP_ANALYSIS = YES;
				CLANG_WARN_STRICT_PROTOTYPES = YES;
				CLANG_WARN_SUSPICIOUS_MOVE = YES;
				CLANG_WARN_UNREACHABLE_CODE = YES;
				CLANG_WARN__DUPLICATE_METHOD_MATCH = YES;
				DEBUG_INFORMATION_FORMAT = dwarf;
				ENABLE_STRICT_OBJC_MSGSEND = YES;
				GCC_C_LANGUAGE_STANDARD = c11;
				GCC_INLINES_ARE_PRIVATE_EXTERN = YES;
				GCC_MODEL_TUNING = G5;
				GCC_NO_COMMON_BLOCKS = YES;
				GCC_WARN_64_TO_32_BIT_CONVERSION = YES;
				GCC_WARN_ABOUT_RETURN_TYPE = YES;
				GCC_WARN_CHECK_SWITCH_STATEMENTS = YES;
				GCC_WARN_MISSING_PARENTHESES = YES;
				GCC_WARN_NON_VIRTUAL_DESTRUCTOR = YES;
				GCC_WARN_TYPECHECK_CALLS_TO_PRINTF = YES;
				GCC_WARN_UNDECLARED_SELECTOR = YES;
				GCC_WARN_UNINITIALIZED_AUTOS = YES;
				GCC_WARN_UNUSED_FUNCTION = YES;
				GCC_WARN_UNUSED_VARIABLE = YES;
				PRODUCT_NAME = SimpleDelay;
				WARNING_CFLAGS = "-Wreorder";
				ZERO_LINK = NO;
			};
			name = Release;
		};
		84994A7901903752DA3EE396 /* Release */ = {
			isa = XCBuildConfiguration;
			buildSettings = {
				CLANG_CXX_LANGUAGE_STANDARD = "c++14";
				CLANG_CXX_LIBRARY = "libc++";
				CLANG_LINK_OBJC_RUNTIME = NO;
				COMBINE_HIDPI_IMAGES = YES;
				CONFIGURATION_BUILD_DIR = "$(PROJECT_DIR)/build/$(CONFIGURATION)";
				DEAD_CODE_STRIPPING = YES;
				DEPLOYMENT_LOCATION = YES;
				DSTROOT = /;
				GCC_GENERATE_DEBUGGING_SYMBOLS = NO;
				GCC_OPTIMIZATION_LEVEL = 3;
				GCC_PREPROCESSOR_DEFINITIONS = (
					"_NDEBUG=1",
					"NDEBUG=1",
					"JUCER_XCODE_MAC_F6D2F4CF=1",
					"JUCE_APP_VERSION=1.0.0",
					"JUCE_APP_VERSION_HEX=0x10000",
					"JucePlugin_Build_VST=0",
					"JucePlugin_Build_VST3=0",
					"JucePlugin_Build_AU=1",
					"JucePlugin_Build_AUv3=0",
					"JucePlugin_Build_RTAS=0",
					"JucePlugin_Build_AAX=0",
					"JucePlugin_Build_Standalone=0",
				);
				GCC_SYMBOLS_PRIVATE_EXTERN = YES;
				GCC_VERSION = com.apple.compilers.llvm.clang.1_0;
				GENERATE_PKGINFO_FILE = YES;
				HEADER_SEARCH_PATHS = (
					../../JuceLibraryCode,
					../../JuceLibraryCode/modules,
					../../JuceLibraryCode/modules/juce_audio_plugin_client,
					"$(inherited)",
				);
				INFOPLIST_FILE = "Info-AU.plist";
				INFOPLIST_PREPROCESS = NO;
				INSTALL_PATH = "$(HOME)/Library/Audio/Plug-Ins/Components/";
				LIBRARY_STYLE = Bundle;
				LLVM_LTO = YES;
				MACOSX_DEPLOYMENT_TARGET = 10.11;
				MACOSX_DEPLOYMENT_TARGET_ppc = 10.4;
				OTHER_LDFLAGS = (
					"-bundle",
					"-lSimpleDelay",
				);
				OTHER_REZFLAGS = "-d ppc_$ppc -d i386_$i386 -d ppc64_$ppc64 -d x86_64_$x86_64 -I /System/Library/Frameworks/CoreServices.framework/Frameworks/CarbonCore.framework/Versions/A/Headers -I \"$(DEVELOPER_DIR)/Extras/CoreAudio/AudioUnits/AUPublic/AUBase\"";
				PRODUCT_BUNDLE_IDENTIFIER = com.ampify.SimpleDelay;
				SDKROOT_ppc = macosx10.5;
				USE_HEADERMAP = NO;
				WRAPPER_EXTENSION = component;
			};
			name = Release;
		};
		9BC474740854547B57A0E5D7 /* Debug */ = {
			isa = XCBuildConfiguration;
			buildSettings = {
				MACOSX_DEPLOYMENT_TARGET = 10.11;
			};
			name = Debug;
		};
		AFED9E56E3391E37EBAAA3B4 /* Debug */ = {
			isa = XCBuildConfiguration;
			buildSettings = {
				CLANG_CXX_LANGUAGE_STANDARD = "c++14";
				CLANG_CXX_LIBRARY = "libc++";
				CLANG_LINK_OBJC_RUNTIME = NO;
				CLANG_WARN_FLOAT_CONVERSION = YES;
				CLANG_WARN_SUSPICIOUS_IMPLICIT_CONVERSION = YES;
				COMBINE_HIDPI_IMAGES = YES;
				CONFIGURATION_BUILD_DIR = "$(PROJECT_DIR)/build/$(CONFIGURATION)";
				COPY_PHASE_STRIP = NO;
				GCC_DYNAMIC_NO_PIC = NO;
				GCC_OPTIMIZATION_LEVEL = 0;
				GCC_PREPROCESSOR_DEFINITIONS = (
					"_DEBUG=1",
					"DEBUG=1",
					"JUCER_XCODE_MAC_F6D2F4CF=1",
					"JUCE_APP_VERSION=1.0.0",
					"JUCE_APP_VERSION_HEX=0x10000",
					"JucePlugin_Build_VST=0",
					"JucePlugin_Build_VST3=0",
					"JucePlugin_Build_AU=1",
					"JucePlugin_Build_AUv3=0",
					"JucePlugin_Build_RTAS=0",
					"JucePlugin_Build_AAX=0",
					"JucePlugin_Build_Standalone=0",
					"JUCE_SHARED_CODE=1",
				);
				GCC_TREAT_INCOMPATIBLE_POINTER_TYPE_WARNINGS_AS_ERRORS = YES;
				GCC_VERSION = com.apple.compilers.llvm.clang.1_0;
				GCC_WARN_HIDDEN_VIRTUAL_FUNCTIONS = YES;
				GCC_WARN_INITIALIZER_NOT_FULLY_BRACKETED = YES;
				GCC_WARN_SHADOW = YES;
				GCC_WARN_SIGN_COMPARE = YES;
				GCC_WARN_UNUSED_PARAMETER = YES;
				HEADER_SEARCH_PATHS = (
					../../JuceLibraryCode,
					../../JuceLibraryCode/modules,
					../../JuceLibraryCode/modules/juce_audio_plugin_client,
					"$(inherited)",
				);
				INSTALL_PATH = "@executable_path/../Frameworks";
				MACOSX_DEPLOYMENT_TARGET = 10.11;
				MACOSX_DEPLOYMENT_TARGET_ppc = 10.4;
				OTHER_CPLUSPLUSFLAGS = (
					"$(OTHER_CFLAGS)",
					"-Wall",
					"-Wextra",
					"-Wshadow",
					"-Werror",
					"-Wreorder",
				);
				PRODUCT_BUNDLE_IDENTIFIER = com.ampify.SimpleDelay;
				SDKROOT_ppc = macosx10.5;
				USE_HEADERMAP = NO;
			};
			name = Debug;
		};
		E751B130E39F7528344C3334 /* Release */ = {
			isa = XCBuildConfiguration;
			buildSettings = {
				MACOSX_DEPLOYMENT_TARGET = 10.11;
			};
			name = Release;
		};
		ED5A8FCC42169B1A397FA317 /* Debug */ = {
			isa = XCBuildConfiguration;
			buildSettings = {
				CLANG_CXX_LANGUAGE_STANDARD = "c++14";
				CLANG_CXX_LIBRARY = "libc++";
				CLANG_LINK_OBJC_RUNTIME = NO;
				COMBINE_HIDPI_IMAGES = YES;
				CONFIGURATION_BUILD_DIR = "$(PROJECT_DIR)/build/$(CONFIGURATION)";
				COPY_PHASE_STRIP = NO;
				DEPLOYMENT_LOCATION = YES;
				DSTROOT = /;
				GCC_DYNAMIC_NO_PIC = NO;
				GCC_OPTIMIZATION_LEVEL = 0;
				GCC_PREPROCESSOR_DEFINITIONS = (
					"_DEBUG=1",
					"DEBUG=1",
					"JUCER_XCODE_MAC_F6D2F4CF=1",
					"JUCE_APP_VERSION=1.0.0",
					"JUCE_APP_VERSION_HEX=0x10000",
					"JucePlugin_Build_VST=0",
					"JucePlugin_Build_VST3=0",
					"JucePlugin_Build_AU=1",
					"JucePlugin_Build_AUv3=0",
					"JucePlugin_Build_RTAS=0",
					"JucePlugin_Build_AAX=0",
					"JucePlugin_Build_Standalone=0",
				);
				GCC_VERSION = com.apple.compilers.llvm.clang.1_0;
				GENERATE_PKGINFO_FILE = YES;
				HEADER_SEARCH_PATHS = (
					../../JuceLibraryCode,
					../../JuceLibraryCode/modules,
					../../JuceLibraryCode/modules/juce_audio_plugin_client,
					"$(inherited)",
				);
				INFOPLIST_FILE = "Info-AU.plist";
				INFOPLIST_PREPROCESS = NO;
				INSTALL_PATH = "$(HOME)/Library/Audio/Plug-Ins/Components/";
				LIBRARY_STYLE = Bundle;
				MACOSX_DEPLOYMENT_TARGET = 10.11;
				MACOSX_DEPLOYMENT_TARGET_ppc = 10.4;
				OTHER_LDFLAGS = (
					"-bundle",
					"-lSimpleDelay",
				);
				OTHER_REZFLAGS = "-d ppc_$ppc -d i386_$i386 -d ppc64_$ppc64 -d x86_64_$x86_64 -I /System/Library/Frameworks/CoreServices.framework/Frameworks/CarbonCore.framework/Versions/A/Headers -I \"$(DEVELOPER_DIR)/Extras/CoreAudio/AudioUnits/AUPublic/AUBase\"";
				PRODUCT_BUNDLE_IDENTIFIER = com.ampify.SimpleDelay;
				SDKROOT_ppc = macosx10.5;
				USE_HEADERMAP = NO;
				WRAPPER_EXTENSION = component;
			};
			name = Debug;
		};
		F0BF47848C5F40DEB18BC8FC /* Debug */ = {
			isa = XCBuildConfiguration;
			buildSettings = {
				ALWAYS_SEARCH_USER_PATHS = NO;
				CLANG_WARN_BLOCK_CAPTURE_AUTORELEASING = YES;
				CLANG_WARN_BOOL_CONVERSION = YES;
				CLANG_WARN_COMMA = YES;
				CLANG_WARN_CONSTANT_CONVERSION = YES;
				CLANG_WARN_EMPTY_BODY = YES;
				CLANG_WARN_ENUM_CONVERSION = YES;
				CLANG_WARN_INFINITE_RECURSION = YES;
				CLANG_WARN_INT_CONVERSION = YES;
				CLANG_WARN_NON_LITERAL_NULL_CONVERSION = YES;
				CLANG_WARN_OBJC_LITERAL_CONVERSION = YES;
				CLANG_WARN_RANGE_LOOP_ANALYSIS = YES;
				CLANG_WARN_STRICT_PROTOTYPES = YES;
				CLANG_WARN_SUSPICIOUS_MOVE = YES;
				CLANG_WARN_UNREACHABLE_CODE = YES;
				CLANG_WARN__DUPLICATE_METHOD_MATCH = YES;
				DEBUG_INFORMATION_FORMAT = dwarf;
				ENABLE_STRICT_OBJC_MSGSEND = YES;
				ENABLE_TESTABILITY = YES;
				GCC_C_LANGUAGE_STANDARD = c11;
				GCC_INLINES_ARE_PRIVATE_EXTERN = YES;
				GCC_MODEL_TUNING = G5;
				GCC_NO_COMMON_BLOCKS = YES;
				GCC_WARN_64_TO_32_BIT_CONVERSION = YES;
				GCC_WARN_ABOUT_RETURN_TYPE = YES;
				GCC_WARN_CHECK_SWITCH_STATEMENTS = YES;
				GCC_WARN_MISSING_PARENTHESES = YES;
				GCC_WARN_NON_VIRTUAL_DESTRUCTOR = YES;
				GCC_WARN_TYPECHECK_CALLS_TO_PRINTF = YES;
				GCC_WARN_UNDECLARED_SELECTOR = YES;
				GCC_WARN_UNINITIALIZED_AUTOS = YES;
				GCC_WARN_UNUSED_FUNCTION = YES;
				GCC_WARN_UNUSED_VARIABLE = YES;
				ONLY_ACTIVE_ARCH = YES;
				PRODUCT_NAME = SimpleDelay;
				WARNING_CFLAGS = "-Wreorder";
				ZERO_LINK = NO;
			};
			name = Debug;
		};
/* End XCBuildConfiguration section */

/* Begin XCConfigurationList section */
		105A62EE1AA2188327C0DEE2 /* Build configuration list for PBXAggregateTarget "SimpleDelay - All" */ = {
			isa = XCConfigurationList;
			buildConfigurations = (
				9BC474740854547B57A0E5D7 /* Debug */,
				E751B130E39F7528344C3334 /* Release */,
			);
			defaultConfigurationIsVisible = 0;
			defaultConfigurationName = Debug;
		};
		15DB496E62FA1B685CEF6E53 /* Build configuration list for PBXNativeTarget "SimpleDelay - Shared Code" */ = {
			isa = XCConfigurationList;
			buildConfigurations = (
				AFED9E56E3391E37EBAAA3B4 /* Debug */,
				4F72FED4DED01B01C6CF8D25 /* Release */,
			);
			defaultConfigurationIsVisible = 0;
			defaultConfigurationName = Debug;
		};
		7F5116F221E6D7BB85D8355E /* Build configuration list for PBXNativeTarget "SimpleDelay - AU" */ = {
			isa = XCConfigurationList;
			buildConfigurations = (
				ED5A8FCC42169B1A397FA317 /* Debug */,
				84994A7901903752DA3EE396 /* Release */,
			);
			defaultConfigurationIsVisible = 0;
			defaultConfigurationName = Debug;
		};
		D19B844888056B4EFE409471 /* Build configuration list for PBXProject "SimpleDelay" */ = {
			isa = XCConfigurationList;
			buildConfigurations = (
				F0BF47848C5F40DEB18BC8FC /* Debug */,
				7D165C9EAD50CDC432C32A5B /* Release */,
			);
			defaultConfigurationIsVisible = 0;
			defaultConfigurationName = Debug;
		};
/* End XCConfigurationList section */
	};
	rootObject = 94FD2929655A491F66F5D5DF /* Project object */;
}
